// !$*UTF8*$!
{
	archiveVersion = 1;
	classes = {
	};
	objectVersion = 56;
	objects = {

/* Begin PBXBuildFile section */
		D822D7562ABC49E9003C653C /* Theme.swift in Sources */ = {isa = PBXBuildFile; fileRef = D822D7552ABC49E9003C653C /* Theme.swift */; };
		D822D7582ABC4B33003C653C /* DailyScrum.swift in Sources */ = {isa = PBXBuildFile; fileRef = D822D7572ABC4B33003C653C /* DailyScrum.swift */; };
		D822D75B2ABC4BBC003C653C /* CardView.swift in Sources */ = {isa = PBXBuildFile; fileRef = D822D75A2ABC4BBC003C653C /* CardView.swift */; };
		D822D75D2ABE2F38003C653C /* TrailingIconLabelStyle.swift in Sources */ = {isa = PBXBuildFile; fileRef = D822D75C2ABE2F38003C653C /* TrailingIconLabelStyle.swift */; };
		D822D75F2ABE33EE003C653C /* ScrumsView.swift in Sources */ = {isa = PBXBuildFile; fileRef = D822D75E2ABE33EE003C653C /* ScrumsView.swift */; };
		D89C3CF42AC4D31E00B627DE /* DetailEditView.swift in Sources */ = {isa = PBXBuildFile; fileRef = D89C3CF32AC4D31E00B627DE /* DetailEditView.swift */; };
		D89F3EBB2B1842D3009E204A /* ThemeView.swift in Sources */ = {isa = PBXBuildFile; fileRef = D89F3EBA2B1842D3009E204A /* ThemeView.swift */; };
		D89F3EBD2B184327009E204A /* ThemePicker.swift in Sources */ = {isa = PBXBuildFile; fileRef = D89F3EBC2B184327009E204A /* ThemePicker.swift */; };
		D89F3EBF2B1843AD009E204A /* TrailingIconLabelStyle.swift in Sources */ = {isa = PBXBuildFile; fileRef = D89F3EBE2B1843AD009E204A /* TrailingIconLabelStyle.swift */; };
		D89F3EC12B184401009E204A /* SpeakerArc.swift in Sources */ = {isa = PBXBuildFile; fileRef = D89F3EC02B184401009E204A /* SpeakerArc.swift */; };
		D89F3EC32B18446F009E204A /* ScrumProgressViewStyle.swift in Sources */ = {isa = PBXBuildFile; fileRef = D89F3EC22B18446F009E204A /* ScrumProgressViewStyle.swift */; };
		D89F3EC52B1844D1009E204A /* NewScrumSheet.swift in Sources */ = {isa = PBXBuildFile; fileRef = D89F3EC42B1844D1009E204A /* NewScrumSheet.swift */; };
		D89F3EC72B184525009E204A /* MeetingTimerView.swift in Sources */ = {isa = PBXBuildFile; fileRef = D89F3EC62B184525009E204A /* MeetingTimerView.swift */; };
		D89F3EC92B184569009E204A /* MeetingHeaderView.swift in Sources */ = {isa = PBXBuildFile; fileRef = D89F3EC82B184569009E204A /* MeetingHeaderView.swift */; };
		D89F3ECB2B1845B1009E204A /* MeetingFooterView.swift in Sources */ = {isa = PBXBuildFile; fileRef = D89F3ECA2B1845B0009E204A /* MeetingFooterView.swift */; };
		D89F3ECD2B1845F8009E204A /* HistoryView.swift in Sources */ = {isa = PBXBuildFile; fileRef = D89F3ECC2B1845F8009E204A /* HistoryView.swift */; };
		D8F0C1E62ABEECC500A852B2 /* DetailView.swift in Sources */ = {isa = PBXBuildFile; fileRef = D8F0C1E52ABEECC500A852B2 /* DetailView.swift */; };
		D8FDE2852ABB867C0080BF65 /* SprintSagaApp.swift in Sources */ = {isa = PBXBuildFile; fileRef = D8FDE2842ABB867C0080BF65 /* SprintSagaApp.swift */; };
		D8FDE2872ABB867C0080BF65 /* MeetingView.swift in Sources */ = {isa = PBXBuildFile; fileRef = D8FDE2862ABB867C0080BF65 /* MeetingView.swift */; };
		D8FDE2892ABB867E0080BF65 /* Assets.xcassets in Resources */ = {isa = PBXBuildFile; fileRef = D8FDE2882ABB867E0080BF65 /* Assets.xcassets */; };
		D8FDE28C2ABB867E0080BF65 /* Preview Assets.xcassets in Resources */ = {isa = PBXBuildFile; fileRef = D8FDE28B2ABB867E0080BF65 /* Preview Assets.xcassets */; };
/* End PBXBuildFile section */

/* Begin PBXFileReference section */
		D822D7552ABC49E9003C653C /* Theme.swift */ = {isa = PBXFileReference; lastKnownFileType = sourcecode.swift; path = Theme.swift; sourceTree = "<group>"; };
		D822D7572ABC4B33003C653C /* DailyScrum.swift */ = {isa = PBXFileReference; lastKnownFileType = sourcecode.swift; path = DailyScrum.swift; sourceTree = "<group>"; };
		D822D75A2ABC4BBC003C653C /* CardView.swift */ = {isa = PBXFileReference; lastKnownFileType = sourcecode.swift; path = CardView.swift; sourceTree = "<group>"; };
		D822D75C2ABE2F38003C653C /* TrailingIconLabelStyle.swift */ = {isa = PBXFileReference; lastKnownFileType = sourcecode.swift; path = TrailingIconLabelStyle.swift; sourceTree = "<group>"; };
		D822D75E2ABE33EE003C653C /* ScrumsView.swift */ = {isa = PBXFileReference; lastKnownFileType = sourcecode.swift; path = ScrumsView.swift; sourceTree = "<group>"; };
		D89C3CF32AC4D31E00B627DE /* DetailEditView.swift */ = {isa = PBXFileReference; lastKnownFileType = sourcecode.swift; path = DetailEditView.swift; sourceTree = "<group>"; };
		D89F3EBA2B1842D3009E204A /* ThemeView.swift */ = {isa = PBXFileReference; lastKnownFileType = sourcecode.swift; path = ThemeView.swift; sourceTree = "<group>"; };
		D89F3EBC2B184327009E204A /* ThemePicker.swift */ = {isa = PBXFileReference; lastKnownFileType = sourcecode.swift; path = ThemePicker.swift; sourceTree = "<group>"; };
		D89F3EBE2B1843AD009E204A /* TrailingIconLabelStyle.swift */ = {isa = PBXFileReference; lastKnownFileType = sourcecode.swift; path = TrailingIconLabelStyle.swift; sourceTree = "<group>"; };
		D89F3EC02B184401009E204A /* SpeakerArc.swift */ = {isa = PBXFileReference; lastKnownFileType = sourcecode.swift; path = SpeakerArc.swift; sourceTree = "<group>"; };
		D89F3EC22B18446F009E204A /* ScrumProgressViewStyle.swift */ = {isa = PBXFileReference; lastKnownFileType = sourcecode.swift; path = ScrumProgressViewStyle.swift; sourceTree = "<group>"; };
		D89F3EC42B1844D1009E204A /* NewScrumSheet.swift */ = {isa = PBXFileReference; lastKnownFileType = sourcecode.swift; path = NewScrumSheet.swift; sourceTree = "<group>"; };
		D89F3EC62B184525009E204A /* MeetingTimerView.swift */ = {isa = PBXFileReference; lastKnownFileType = sourcecode.swift; path = MeetingTimerView.swift; sourceTree = "<group>"; };
		D89F3EC82B184569009E204A /* MeetingHeaderView.swift */ = {isa = PBXFileReference; lastKnownFileType = sourcecode.swift; path = MeetingHeaderView.swift; sourceTree = "<group>"; };
		D89F3ECA2B1845B0009E204A /* MeetingFooterView.swift */ = {isa = PBXFileReference; lastKnownFileType = sourcecode.swift; path = MeetingFooterView.swift; sourceTree = "<group>"; };
		D89F3ECC2B1845F8009E204A /* HistoryView.swift */ = {isa = PBXFileReference; lastKnownFileType = sourcecode.swift; path = HistoryView.swift; sourceTree = "<group>"; };
		D8F0C1E52ABEECC500A852B2 /* DetailView.swift */ = {isa = PBXFileReference; lastKnownFileType = sourcecode.swift; path = DetailView.swift; sourceTree = "<group>"; };
		D8FDE2812ABB867C0080BF65 /* SprintSaga.app */ = {isa = PBXFileReference; explicitFileType = wrapper.application; includeInIndex = 0; path = SprintSaga.app; sourceTree = BUILT_PRODUCTS_DIR; };
		D8FDE2842ABB867C0080BF65 /* SprintSagaApp.swift */ = {isa = PBXFileReference; lastKnownFileType = sourcecode.swift; path = SprintSagaApp.swift; sourceTree = "<group>"; };
		D8FDE2862ABB867C0080BF65 /* MeetingView.swift */ = {isa = PBXFileReference; lastKnownFileType = sourcecode.swift; path = MeetingView.swift; sourceTree = "<group>"; };
		D8FDE2882ABB867E0080BF65 /* Assets.xcassets */ = {isa = PBXFileReference; lastKnownFileType = folder.assetcatalog; path = Assets.xcassets; sourceTree = "<group>"; };
		D8FDE28B2ABB867E0080BF65 /* Preview Assets.xcassets */ = {isa = PBXFileReference; lastKnownFileType = folder.assetcatalog; path = "Preview Assets.xcassets"; sourceTree = "<group>"; };
/* End PBXFileReference section */

/* Begin PBXFrameworksBuildPhase section */
		D8FDE27E2ABB867C0080BF65 /* Frameworks */ = {
			isa = PBXFrameworksBuildPhase;
			buildActionMask = 2147483647;
			files = (
			);
			runOnlyForDeploymentPostprocessing = 0;
		};
/* End PBXFrameworksBuildPhase section */

/* Begin PBXGroup section */
		D822D7542ABC49CC003C653C /* Models */ = {
			isa = PBXGroup;
			children = (
				D822D7552ABC49E9003C653C /* Theme.swift */,
				D822D7572ABC4B33003C653C /* DailyScrum.swift */,
			);
			path = Models;
			sourceTree = "<group>";
		};
		D822D7592ABC4BA4003C653C /* View */ = {
			isa = PBXGroup;
			children = (
				D8FDE2862ABB867C0080BF65 /* MeetingView.swift */,
				D822D75A2ABC4BBC003C653C /* CardView.swift */,
				D822D75E2ABE33EE003C653C /* ScrumsView.swift */,
				D8F0C1E52ABEECC500A852B2 /* DetailView.swift */,
				D89C3CF32AC4D31E00B627DE /* DetailEditView.swift */,
				D89F3EBA2B1842D3009E204A /* ThemeView.swift */,
				D89F3EBC2B184327009E204A /* ThemePicker.swift */,
				D89F3EBE2B1843AD009E204A /* TrailingIconLabelStyle.swift */,
				D89F3EC02B184401009E204A /* SpeakerArc.swift */,
				D89F3EC22B18446F009E204A /* ScrumProgressViewStyle.swift */,
				D89F3EC42B1844D1009E204A /* NewScrumSheet.swift */,
				D89F3EC62B184525009E204A /* MeetingTimerView.swift */,
				D89F3EC82B184569009E204A /* MeetingHeaderView.swift */,
				D89F3ECA2B1845B0009E204A /* MeetingFooterView.swift */,
				D89F3ECC2B1845F8009E204A /* HistoryView.swift */,
			);
			path = View;
			sourceTree = "<group>";
		};
		D8FDE2782ABB867C0080BF65 = {
			isa = PBXGroup;
			children = (
				D8FDE2832ABB867C0080BF65 /* SprintSaga */,
				D8FDE2822ABB867C0080BF65 /* Products */,
			);
			sourceTree = "<group>";
		};
		D8FDE2822ABB867C0080BF65 /* Products */ = {
			isa = PBXGroup;
			children = (
				D8FDE2812ABB867C0080BF65 /* SprintSaga.app */,
			);
			name = Products;
			sourceTree = "<group>";
		};
		D8FDE2832ABB867C0080BF65 /* SprintSaga */ = {
			isa = PBXGroup;
			children = (
				D822D7592ABC4BA4003C653C /* View */,
				D822D7542ABC49CC003C653C /* Models */,
				D8FDE2842ABB867C0080BF65 /* SprintSagaApp.swift */,
				D8FDE2882ABB867E0080BF65 /* Assets.xcassets */,
				D8FDE28A2ABB867E0080BF65 /* Preview Content */,
				D822D75C2ABE2F38003C653C /* TrailingIconLabelStyle.swift */,
			);
			path = SprintSaga;
			sourceTree = "<group>";
		};
		D8FDE28A2ABB867E0080BF65 /* Preview Content */ = {
			isa = PBXGroup;
			children = (
				D8FDE28B2ABB867E0080BF65 /* Preview Assets.xcassets */,
			);
			path = "Preview Content";
			sourceTree = "<group>";
		};
/* End PBXGroup section */

/* Begin PBXNativeTarget section */
		D8FDE2802ABB867C0080BF65 /* SprintSaga */ = {
			isa = PBXNativeTarget;
			buildConfigurationList = D8FDE28F2ABB867E0080BF65 /* Build configuration list for PBXNativeTarget "SprintSaga" */;
			buildPhases = (
				D8FDE27D2ABB867C0080BF65 /* Sources */,
				D8FDE27E2ABB867C0080BF65 /* Frameworks */,
				D8FDE27F2ABB867C0080BF65 /* Resources */,
			);
			buildRules = (
			);
			dependencies = (
			);
			name = SprintSaga;
			productName = SprintSaga;
			productReference = D8FDE2812ABB867C0080BF65 /* SprintSaga.app */;
			productType = "com.apple.product-type.application";
		};
/* End PBXNativeTarget section */

/* Begin PBXProject section */
		D8FDE2792ABB867C0080BF65 /* Project object */ = {
			isa = PBXProject;
			attributes = {
				BuildIndependentTargetsInParallel = 1;
				LastSwiftUpdateCheck = 1500;
				LastUpgradeCheck = 1500;
				TargetAttributes = {
					D8FDE2802ABB867C0080BF65 = {
						CreatedOnToolsVersion = 15.0;
					};
				};
			};
			buildConfigurationList = D8FDE27C2ABB867C0080BF65 /* Build configuration list for PBXProject "SprintSaga" */;
			compatibilityVersion = "Xcode 14.0";
			developmentRegion = en;
			hasScannedForEncodings = 0;
			knownRegions = (
				en,
				Base,
			);
			mainGroup = D8FDE2782ABB867C0080BF65;
			productRefGroup = D8FDE2822ABB867C0080BF65 /* Products */;
			projectDirPath = "";
			projectRoot = "";
			targets = (
				D8FDE2802ABB867C0080BF65 /* SprintSaga */,
			);
		};
/* End PBXProject section */

/* Begin PBXResourcesBuildPhase section */
		D8FDE27F2ABB867C0080BF65 /* Resources */ = {
			isa = PBXResourcesBuildPhase;
			buildActionMask = 2147483647;
			files = (
				D8FDE28C2ABB867E0080BF65 /* Preview Assets.xcassets in Resources */,
				D8FDE2892ABB867E0080BF65 /* Assets.xcassets in Resources */,
			);
			runOnlyForDeploymentPostprocessing = 0;
		};
/* End PBXResourcesBuildPhase section */

/* Begin PBXSourcesBuildPhase section */
		D8FDE27D2ABB867C0080BF65 /* Sources */ = {
			isa = PBXSourcesBuildPhase;
			buildActionMask = 2147483647;
			files = (
				D89F3EC12B184401009E204A /* SpeakerArc.swift in Sources */,
				D89F3EBD2B184327009E204A /* ThemePicker.swift in Sources */,
				D89F3EC32B18446F009E204A /* ScrumProgressViewStyle.swift in Sources */,
				D89F3EC92B184569009E204A /* MeetingHeaderView.swift in Sources */,
				D822D7582ABC4B33003C653C /* DailyScrum.swift in Sources */,
				D8F0C1E62ABEECC500A852B2 /* DetailView.swift in Sources */,
				D89C3CF42AC4D31E00B627DE /* DetailEditView.swift in Sources */,
				D89F3EC72B184525009E204A /* MeetingTimerView.swift in Sources */,
				D822D75D2ABE2F38003C653C /* TrailingIconLabelStyle.swift in Sources */,
				D89F3EC52B1844D1009E204A /* NewScrumSheet.swift in Sources */,
				D822D7562ABC49E9003C653C /* Theme.swift in Sources */,
				D89F3ECB2B1845B1009E204A /* MeetingFooterView.swift in Sources */,
				D89F3ECD2B1845F8009E204A /* HistoryView.swift in Sources */,
				D822D75F2ABE33EE003C653C /* ScrumsView.swift in Sources */,
				D89F3EBF2B1843AD009E204A /* TrailingIconLabelStyle.swift in Sources */,
				D8FDE2872ABB867C0080BF65 /* MeetingView.swift in Sources */,
				D8FDE2852ABB867C0080BF65 /* SprintSagaApp.swift in Sources */,
				D89F3EBB2B1842D3009E204A /* ThemeView.swift in Sources */,
				D822D75B2ABC4BBC003C653C /* CardView.swift in Sources */,
			);
			runOnlyForDeploymentPostprocessing = 0;
		};
/* End PBXSourcesBuildPhase section */

/* Begin XCBuildConfiguration section */
		D8FDE28D2ABB867E0080BF65 /* Debug */ = {
			isa = XCBuildConfiguration;
			buildSettings = {
				ALWAYS_SEARCH_USER_PATHS = NO;
				ASSETCATALOG_COMPILER_GENERATE_SWIFT_ASSET_SYMBOL_EXTENSIONS = YES;
				CLANG_ANALYZER_NONNULL = YES;
				CLANG_ANALYZER_NUMBER_OBJECT_CONVERSION = YES_AGGRESSIVE;
				CLANG_CXX_LANGUAGE_STANDARD = "gnu++20";
				CLANG_ENABLE_MODULES = YES;
				CLANG_ENABLE_OBJC_ARC = YES;
				CLANG_ENABLE_OBJC_WEAK = YES;
				CLANG_WARN_BLOCK_CAPTURE_AUTORELEASING = YES;
				CLANG_WARN_BOOL_CONVERSION = YES;
				CLANG_WARN_COMMA = YES;
				CLANG_WARN_CONSTANT_CONVERSION = YES;
				CLANG_WARN_DEPRECATED_OBJC_IMPLEMENTATIONS = YES;
				CLANG_WARN_DIRECT_OBJC_ISA_USAGE = YES_ERROR;
				CLANG_WARN_DOCUMENTATION_COMMENTS = YES;
				CLANG_WARN_EMPTY_BODY = YES;
				CLANG_WARN_ENUM_CONVERSION = YES;
				CLANG_WARN_INFINITE_RECURSION = YES;
				CLANG_WARN_INT_CONVERSION = YES;
				CLANG_WARN_NON_LITERAL_NULL_CONVERSION = YES;
				CLANG_WARN_OBJC_IMPLICIT_RETAIN_SELF = YES;
				CLANG_WARN_OBJC_LITERAL_CONVERSION = YES;
				CLANG_WARN_OBJC_ROOT_CLASS = YES_ERROR;
				CLANG_WARN_QUOTED_INCLUDE_IN_FRAMEWORK_HEADER = YES;
				CLANG_WARN_RANGE_LOOP_ANALYSIS = YES;
				CLANG_WARN_STRICT_PROTOTYPES = YES;
				CLANG_WARN_SUSPICIOUS_MOVE = YES;
				CLANG_WARN_UNGUARDED_AVAILABILITY = YES_AGGRESSIVE;
				CLANG_WARN_UNREACHABLE_CODE = YES;
				CLANG_WARN__DUPLICATE_METHOD_MATCH = YES;
				COPY_PHASE_STRIP = NO;
				DEBUG_INFORMATION_FORMAT = dwarf;
				ENABLE_STRICT_OBJC_MSGSEND = YES;
				ENABLE_TESTABILITY = YES;
				ENABLE_USER_SCRIPT_SANDBOXING = YES;
				GCC_C_LANGUAGE_STANDARD = gnu17;
				GCC_DYNAMIC_NO_PIC = NO;
				GCC_NO_COMMON_BLOCKS = YES;
				GCC_OPTIMIZATION_LEVEL = 0;
				GCC_PREPROCESSOR_DEFINITIONS = (
					"DEBUG=1",
					"$(inherited)",
				);
				GCC_WARN_64_TO_32_BIT_CONVERSION = YES;
				GCC_WARN_ABOUT_RETURN_TYPE = YES_ERROR;
				GCC_WARN_UNDECLARED_SELECTOR = YES;
				GCC_WARN_UNINITIALIZED_AUTOS = YES_AGGRESSIVE;
				GCC_WARN_UNUSED_FUNCTION = YES;
				GCC_WARN_UNUSED_VARIABLE = YES;
				IPHONEOS_DEPLOYMENT_TARGET = 17.0;
				LOCALIZATION_PREFERS_STRING_CATALOGS = YES;
				MTL_ENABLE_DEBUG_INFO = INCLUDE_SOURCE;
				MTL_FAST_MATH = YES;
				ONLY_ACTIVE_ARCH = YES;
				SDKROOT = iphoneos;
				SWIFT_ACTIVE_COMPILATION_CONDITIONS = "DEBUG $(inherited)";
				SWIFT_OPTIMIZATION_LEVEL = "-Onone";
			};
			name = Debug;
		};
		D8FDE28E2ABB867E0080BF65 /* Release */ = {
			isa = XCBuildConfiguration;
			buildSettings = {
				ALWAYS_SEARCH_USER_PATHS = NO;
				ASSETCATALOG_COMPILER_GENERATE_SWIFT_ASSET_SYMBOL_EXTENSIONS = YES;
				CLANG_ANALYZER_NONNULL = YES;
				CLANG_ANALYZER_NUMBER_OBJECT_CONVERSION = YES_AGGRESSIVE;
				CLANG_CXX_LANGUAGE_STANDARD = "gnu++20";
				CLANG_ENABLE_MODULES = YES;
				CLANG_ENABLE_OBJC_ARC = YES;
				CLANG_ENABLE_OBJC_WEAK = YES;
				CLANG_WARN_BLOCK_CAPTURE_AUTORELEASING = YES;
				CLANG_WARN_BOOL_CONVERSION = YES;
				CLANG_WARN_COMMA = YES;
				CLANG_WARN_CONSTANT_CONVERSION = YES;
				CLANG_WARN_DEPRECATED_OBJC_IMPLEMENTATIONS = YES;
				CLANG_WARN_DIRECT_OBJC_ISA_USAGE = YES_ERROR;
				CLANG_WARN_DOCUMENTATION_COMMENTS = YES;
				CLANG_WARN_EMPTY_BODY = YES;
				CLANG_WARN_ENUM_CONVERSION = YES;
				CLANG_WARN_INFINITE_RECURSION = YES;
				CLANG_WARN_INT_CONVERSION = YES;
				CLANG_WARN_NON_LITERAL_NULL_CONVERSION = YES;
				CLANG_WARN_OBJC_IMPLICIT_RETAIN_SELF = YES;
				CLANG_WARN_OBJC_LITERAL_CONVERSION = YES;
				CLANG_WARN_OBJC_ROOT_CLASS = YES_ERROR;
				CLANG_WARN_QUOTED_INCLUDE_IN_FRAMEWORK_HEADER = YES;
				CLANG_WARN_RANGE_LOOP_ANALYSIS = YES;
				CLANG_WARN_STRICT_PROTOTYPES = YES;
				CLANG_WARN_SUSPICIOUS_MOVE = YES;
				CLANG_WARN_UNGUARDED_AVAILABILITY = YES_AGGRESSIVE;
				CLANG_WARN_UNREACHABLE_CODE = YES;
				CLANG_WARN__DUPLICATE_METHOD_MATCH = YES;
				COPY_PHASE_STRIP = NO;
				DEBUG_INFORMATION_FORMAT = "dwarf-with-dsym";
				ENABLE_NS_ASSERTIONS = NO;
				ENABLE_STRICT_OBJC_MSGSEND = YES;
				ENABLE_USER_SCRIPT_SANDBOXING = YES;
				GCC_C_LANGUAGE_STANDARD = gnu17;
				GCC_NO_COMMON_BLOCKS = YES;
				GCC_WARN_64_TO_32_BIT_CONVERSION = YES;
				GCC_WARN_ABOUT_RETURN_TYPE = YES_ERROR;
				GCC_WARN_UNDECLARED_SELECTOR = YES;
				GCC_WARN_UNINITIALIZED_AUTOS = YES_AGGRESSIVE;
				GCC_WARN_UNUSED_FUNCTION = YES;
				GCC_WARN_UNUSED_VARIABLE = YES;
				IPHONEOS_DEPLOYMENT_TARGET = 17.0;
				LOCALIZATION_PREFERS_STRING_CATALOGS = YES;
				MTL_ENABLE_DEBUG_INFO = NO;
				MTL_FAST_MATH = YES;
				SDKROOT = iphoneos;
				SWIFT_COMPILATION_MODE = wholemodule;
				VALIDATE_PRODUCT = YES;
			};
			name = Release;
		};
		D8FDE2902ABB867E0080BF65 /* Debug */ = {
			isa = XCBuildConfiguration;
			buildSettings = {
				ASSETCATALOG_COMPILER_APPICON_NAME = AppIcon;
				ASSETCATALOG_COMPILER_GLOBAL_ACCENT_COLOR_NAME = AccentColor;
				CODE_SIGN_STYLE = Automatic;
				CURRENT_PROJECT_VERSION = 1;
				DEVELOPMENT_ASSET_PATHS = "\"SprintSaga/Preview Content\"";
				DEVELOPMENT_TEAM = 443L3444LJ;
				ENABLE_PREVIEWS = YES;
				GENERATE_INFOPLIST_FILE = YES;
				INFOPLIST_KEY_UIApplicationSceneManifest_Generation = YES;
				INFOPLIST_KEY_UIApplicationSupportsIndirectInputEvents = YES;
				INFOPLIST_KEY_UILaunchScreen_Generation = YES;
				INFOPLIST_KEY_UISupportedInterfaceOrientations_iPad = "UIInterfaceOrientationPortrait UIInterfaceOrientationPortraitUpsideDown UIInterfaceOrientationLandscapeLeft UIInterfaceOrientationLandscapeRight";
				INFOPLIST_KEY_UISupportedInterfaceOrientations_iPhone = "UIInterfaceOrientationPortrait UIInterfaceOrientationLandscapeLeft UIInterfaceOrientationLandscapeRight";
				LD_RUNPATH_SEARCH_PATHS = (
					"$(inherited)",
					"@executable_path/Frameworks",
				);
				MARKETING_VERSION = 1.0;
				PRODUCT_BUNDLE_IDENTIFIER = jai.SprintSaga;
				PRODUCT_NAME = "$(TARGET_NAME)";
				SWIFT_EMIT_LOC_STRINGS = YES;
				SWIFT_VERSION = 5.0;
				TARGETED_DEVICE_FAMILY = "1,2";
			};
			name = Debug;
		};
		D8FDE2912ABB867E0080BF65 /* Release */ = {
			isa = XCBuildConfiguration;
			buildSettings = {
				ASSETCATALOG_COMPILER_APPICON_NAME = AppIcon;
				ASSETCATALOG_COMPILER_GLOBAL_ACCENT_COLOR_NAME = AccentColor;
				CODE_SIGN_STYLE = Automatic;
				CURRENT_PROJECT_VERSION = 1;
				DEVELOPMENT_ASSET_PATHS = "\"SprintSaga/Preview Content\"";
				DEVELOPMENT_TEAM = 443L3444LJ;
				ENABLE_PREVIEWS = YES;
				GENERATE_INFOPLIST_FILE = YES;
				INFOPLIST_KEY_UIApplicationSceneManifest_Generation = YES;
				INFOPLIST_KEY_UIApplicationSupportsIndirectInputEvents = YES;
				INFOPLIST_KEY_UILaunchScreen_Generation = YES;
				INFOPLIST_KEY_UISupportedInterfaceOrientations_iPad = "UIInterfaceOrientationPortrait UIInterfaceOrientationPortraitUpsideDown UIInterfaceOrientationLandscapeLeft UIInterfaceOrientationLandscapeRight";
				INFOPLIST_KEY_UISupportedInterfaceOrientations_iPhone = "UIInterfaceOrientationPortrait UIInterfaceOrientationLandscapeLeft UIInterfaceOrientationLandscapeRight";
				LD_RUNPATH_SEARCH_PATHS = (
					"$(inherited)",
					"@executable_path/Frameworks",
				);
				MARKETING_VERSION = 1.0;
				PRODUCT_BUNDLE_IDENTIFIER = jai.SprintSaga;
				PRODUCT_NAME = "$(TARGET_NAME)";
				SWIFT_EMIT_LOC_STRINGS = YES;
				SWIFT_VERSION = 5.0;
				TARGETED_DEVICE_FAMILY = "1,2";
			};
			name = Release;
		};
/* End XCBuildConfiguration section */

/* Begin XCConfigurationList section */
		D8FDE27C2ABB867C0080BF65 /* Build configuration list for PBXProject "SprintSaga" */ = {
			isa = XCConfigurationList;
			buildConfigurations = (
				D8FDE28D2ABB867E0080BF65 /* Debug */,
				D8FDE28E2ABB867E0080BF65 /* Release */,
			);
			defaultConfigurationIsVisible = 0;
			defaultConfigurationName = Release;
		};
		D8FDE28F2ABB867E0080BF65 /* Build configuration list for PBXNativeTarget "SprintSaga" */ = {
			isa = XCConfigurationList;
			buildConfigurations = (
				D8FDE2902ABB867E0080BF65 /* Debug */,
				D8FDE2912ABB867E0080BF65 /* Release */,
			);
			defaultConfigurationIsVisible = 0;
			defaultConfigurationName = Release;
		};
/* End XCConfigurationList section */
	};
	rootObject = D8FDE2792ABB867C0080BF65 /* Project object */;
}
